{
  "originHash" : "a53e332a600b889c7f32a265f241bcb5115657ff0042f091f4163ab1645f1dec",
  "pins" : [
    {
      "identity" : "couchbase-lite-swift-ee",
      "kind" : "remoteSourceControl",
      "location" : "https://github.com/couchbase/couchbase-lite-swift-ee.git",
      "state" : {
        "revision" : "6a57dedd8a590ab696579a137e29c71dab0a1fd6",
        "version" : "4.1.2"
      }
    }
  ],
  "version" : 3
}
